
Microsoft Visual Studio Solution File, Format Version 12.00
# Visual Studio Version 17
VisualStudioVersion = 17.14.36811.4 d17.14
MinimumVisualStudioVersion = 10.0.40219.1
Project("{8BC9CEB8-8B4A-11D0-8D11-00A0C91BC942}") = "Sol4_Num11720", "Sol4_Num11720.vcxproj", "{AB3EB512-8F18-4B2D-B06C-A562753350F4}"
EndProject
Global
	GlobalSection(SolutionConfigurationPlatforms) = preSolution
		Debug|x64 = Debug|x64
		Debug|x86 = Debug|x86
		Release|x64 = Release|x64
		Release|x86 = Release|x86
	EndGlobalSection
	GlobalSection(ProjectConfigurationPlatforms) = postSolution
		{AB3EB512-8F18-4B2D-B06C-A562753350F4}.Debug|x64.ActiveCfg = Debug|x64
		{AB3EB512-8F18-4B2D-B06C-A562753350F4}.Debug|x64.Build.0 = Debug|x64
		{AB3EB512-8F18-4B2D-B06C-A562753350F4}.Debug|x86.ActiveCfg = Debug|Win32
		{AB3EB512-8F18-4B2D-B06C-A562753350F4}.Debug|x86.Build.0 = Debug|Win32
		{AB3EB512-8F18-4B2D-B06C-A562753350F4}.Release|x64.ActiveCfg = Release|x64
		{AB3EB512-8F18-4B2D-B06C-A562753350F4}.Release|x64.Build.0 = Release|x64
		{AB3EB512-8F18-4B2D-B06C-A562753350F4}.Release|x86.ActiveCfg = Release|Win32
		{AB3EB512-8F18-4B2D-B06C-A562753350F4}.Release|x86.Build.0 = Release|Win32
	EndGlobalSection
	GlobalSection(SolutionProperties) = preSolution
		HideSolutionNode = FALSE
	EndGlobalSection
	GlobalSection(ExtensibilityGlobals) = postSolution
		SolutionGuid = {53F7AB34-2084-47EB-850B-4FC0D6F2EE1E}
	EndGlobalSection
EndGlobal
